// !$*UTF8*$!
{
	archiveVersion = 1;
	classes = {
	};
	objectVersion = 56;
	objects = {

/* Begin PBXBuildFile section */
		3527A1202946273300791FB3 /* AppDelegate.swift in Sources */ = {isa = PBXBuildFile; fileRef = 3527A11F2946273300791FB3 /* AppDelegate.swift */; };
		3527A1222946273300791FB3 /* SceneDelegate.swift in Sources */ = {isa = PBXBuildFile; fileRef = 3527A1212946273300791FB3 /* SceneDelegate.swift */; };
		3527A1242946273300791FB3 /* MainTabBarViewController.swift in Sources */ = {isa = PBXBuildFile; fileRef = 3527A1232946273300791FB3 /* MainTabBarViewController.swift */; };
		3527A1292946273400791FB3 /* Assets.xcassets in Resources */ = {isa = PBXBuildFile; fileRef = 3527A1282946273400791FB3 /* Assets.xcassets */; };
		3527A12C2946273400791FB3 /* LaunchScreen.storyboard in Resources */ = {isa = PBXBuildFile; fileRef = 3527A12A2946273400791FB3 /* LaunchScreen.storyboard */; };
		3569AEBE2988110B003437F8 /* Title.swift in Sources */ = {isa = PBXBuildFile; fileRef = 3569AEBD2988110B003437F8 /* Title.swift */; };
		3569AEC029881592003437F8 /* Extensions.swift in Sources */ = {isa = PBXBuildFile; fileRef = 3569AEBF29881592003437F8 /* Extensions.swift */; };
		3569AEC429882BA8003437F8 /* TitleCollectionViewCell.swift in Sources */ = {isa = PBXBuildFile; fileRef = 3569AEC329882BA8003437F8 /* TitleCollectionViewCell.swift */; };
		3569AEC729882EE8003437F8 /* SDWebImage in Frameworks */ = {isa = PBXBuildFile; productRef = 3569AEC629882EE8003437F8 /* SDWebImage */; };
		3569AEC929882EE8003437F8 /* SDWebImageMapKit in Frameworks */ = {isa = PBXBuildFile; productRef = 3569AEC829882EE8003437F8 /* SDWebImageMapKit */; };
		357F11F22948F03100ADBED9 /* HomeViewController.swift in Sources */ = {isa = PBXBuildFile; fileRef = 357F11F12948F03100ADBED9 /* HomeViewController.swift */; };
		357F11F42948F0A200ADBED9 /* UpcomingViewController.swift in Sources */ = {isa = PBXBuildFile; fileRef = 357F11F32948F0A200ADBED9 /* UpcomingViewController.swift */; };
		357F11F62948F0E500ADBED9 /* SearchViewController.swift in Sources */ = {isa = PBXBuildFile; fileRef = 357F11F52948F0E500ADBED9 /* SearchViewController.swift */; };
		357F11F82948F16C00ADBED9 /* DownloadsViewController.swift in Sources */ = {isa = PBXBuildFile; fileRef = 357F11F72948F16C00ADBED9 /* DownloadsViewController.swift */; };
		35F075312987185D00030447 /* CollectionViewTableViewCell.swift in Sources */ = {isa = PBXBuildFile; fileRef = 35F075302987185D00030447 /* CollectionViewTableViewCell.swift */; };
		35F075332987247800030447 /* HeroHeaderUIView.swift in Sources */ = {isa = PBXBuildFile; fileRef = 35F075322987247800030447 /* HeroHeaderUIView.swift */; };
		35F075352987445800030447 /* APICaller.swift in Sources */ = {isa = PBXBuildFile; fileRef = 35F075342987445800030447 /* APICaller.swift */; };
/* End PBXBuildFile section */

/* Begin PBXFileReference section */
		3527A11C2946273300791FB3 /* Netflix Clone.app */ = {isa = PBXFileReference; explicitFileType = wrapper.application; includeInIndex = 0; path = "Netflix Clone.app"; sourceTree = BUILT_PRODUCTS_DIR; };
		3527A11F2946273300791FB3 /* AppDelegate.swift */ = {isa = PBXFileReference; lastKnownFileType = sourcecode.swift; path = AppDelegate.swift; sourceTree = "<group>"; };
		3527A1212946273300791FB3 /* SceneDelegate.swift */ = {isa = PBXFileReference; lastKnownFileType = sourcecode.swift; path = SceneDelegate.swift; sourceTree = "<group>"; };
		3527A1232946273300791FB3 /* MainTabBarViewController.swift */ = {isa = PBXFileReference; lastKnownFileType = sourcecode.swift; path = MainTabBarViewController.swift; sourceTree = "<group>"; };
		3527A1282946273400791FB3 /* Assets.xcassets */ = {isa = PBXFileReference; lastKnownFileType = folder.assetcatalog; path = Assets.xcassets; sourceTree = "<group>"; };
		3527A12B2946273400791FB3 /* Base */ = {isa = PBXFileReference; lastKnownFileType = file.storyboard; name = Base; path = Base.lproj/LaunchScreen.storyboard; sourceTree = "<group>"; };
		3527A12D2946273400791FB3 /* Info.plist */ = {isa = PBXFileReference; lastKnownFileType = text.plist.xml; path = Info.plist; sourceTree = "<group>"; };
		3569AEBD2988110B003437F8 /* Title.swift */ = {isa = PBXFileReference; lastKnownFileType = sourcecode.swift; path = Title.swift; sourceTree = "<group>"; };
		3569AEBF29881592003437F8 /* Extensions.swift */ = {isa = PBXFileReference; lastKnownFileType = sourcecode.swift; path = Extensions.swift; sourceTree = "<group>"; };
		3569AEC329882BA8003437F8 /* TitleCollectionViewCell.swift */ = {isa = PBXFileReference; lastKnownFileType = sourcecode.swift; path = TitleCollectionViewCell.swift; sourceTree = "<group>"; };
		357F11F12948F03100ADBED9 /* HomeViewController.swift */ = {isa = PBXFileReference; lastKnownFileType = sourcecode.swift; path = HomeViewController.swift; sourceTree = "<group>"; };
		357F11F32948F0A200ADBED9 /* UpcomingViewController.swift */ = {isa = PBXFileReference; lastKnownFileType = sourcecode.swift; path = UpcomingViewController.swift; sourceTree = "<group>"; };
		357F11F52948F0E500ADBED9 /* SearchViewController.swift */ = {isa = PBXFileReference; lastKnownFileType = sourcecode.swift; path = SearchViewController.swift; sourceTree = "<group>"; };
		357F11F72948F16C00ADBED9 /* DownloadsViewController.swift */ = {isa = PBXFileReference; lastKnownFileType = sourcecode.swift; path = DownloadsViewController.swift; sourceTree = "<group>"; };
		35F075302987185D00030447 /* CollectionViewTableViewCell.swift */ = {isa = PBXFileReference; lastKnownFileType = sourcecode.swift; path = CollectionViewTableViewCell.swift; sourceTree = "<group>"; };
		35F075322987247800030447 /* HeroHeaderUIView.swift */ = {isa = PBXFileReference; lastKnownFileType = sourcecode.swift; path = HeroHeaderUIView.swift; sourceTree = "<group>"; };
		35F075342987445800030447 /* APICaller.swift */ = {isa = PBXFileReference; lastKnownFileType = sourcecode.swift; path = APICaller.swift; sourceTree = "<group>"; };
/* End PBXFileReference section */

/* Begin PBXFrameworksBuildPhase section */
		3527A1192946273300791FB3 /* Frameworks */ = {
			isa = PBXFrameworksBuildPhase;
			buildActionMask = 2147483647;
			files = (
				3569AEC929882EE8003437F8 /* SDWebImageMapKit in Frameworks */,
				3569AEC729882EE8003437F8 /* SDWebImage in Frameworks */,
			);
			runOnlyForDeploymentPostprocessing = 0;
		};
/* End PBXFrameworksBuildPhase section */

/* Begin PBXGroup section */
		3527A1132946273300791FB3 = {
			isa = PBXGroup;
			children = (
				3527A11E2946273300791FB3 /* Netflix Clone */,
				3527A11D2946273300791FB3 /* Products */,
			);
			sourceTree = "<group>";
		};
		3527A11D2946273300791FB3 /* Products */ = {
			isa = PBXGroup;
			children = (
				3527A11C2946273300791FB3 /* Netflix Clone.app */,
			);
			name = Products;
			sourceTree = "<group>";
		};
		3527A11E2946273300791FB3 /* Netflix Clone */ = {
			isa = PBXGroup;
			children = (
				35F0752F2987182900030447 /* Managers */,
				35F0752E2987182200030447 /* Resources */,
				35F0752D298717FC00030447 /* Models */,
				35F0752C298717F400030447 /* Views */,
				35F0752B298717D800030447 /* ViewModels */,
				357F11F02948EFDD00ADBED9 /* Controllers */,
				3527A11F2946273300791FB3 /* AppDelegate.swift */,
				3527A1212946273300791FB3 /* SceneDelegate.swift */,
				3527A1232946273300791FB3 /* MainTabBarViewController.swift */,
				3527A1282946273400791FB3 /* Assets.xcassets */,
				3527A12A2946273400791FB3 /* LaunchScreen.storyboard */,
				3527A12D2946273400791FB3 /* Info.plist */,
			);
			path = "Netflix Clone";
			sourceTree = "<group>";
		};
		357F11F02948EFDD00ADBED9 /* Controllers */ = {
			isa = PBXGroup;
			children = (
				357F11F12948F03100ADBED9 /* HomeViewController.swift */,
				357F11F32948F0A200ADBED9 /* UpcomingViewController.swift */,
				357F11F52948F0E500ADBED9 /* SearchViewController.swift */,
				357F11F72948F16C00ADBED9 /* DownloadsViewController.swift */,
			);
			path = Controllers;
			sourceTree = "<group>";
		};
		35F0752B298717D800030447 /* ViewModels */ = {
			isa = PBXGroup;
			children = (
			);
			path = ViewModels;
			sourceTree = "<group>";
		};
		35F0752C298717F400030447 /* Views */ = {
			isa = PBXGroup;
			children = (
				35F075302987185D00030447 /* CollectionViewTableViewCell.swift */,
				35F075322987247800030447 /* HeroHeaderUIView.swift */,
				3569AEC329882BA8003437F8 /* TitleCollectionViewCell.swift */,
			);
			path = Views;
			sourceTree = "<group>";
		};
		35F0752D298717FC00030447 /* Models */ = {
			isa = PBXGroup;
			children = (
				3569AEBD2988110B003437F8 /* Title.swift */,
			);
			path = Models;
			sourceTree = "<group>";
		};
		35F0752E2987182200030447 /* Resources */ = {
			isa = PBXGroup;
			children = (
				3569AEBF29881592003437F8 /* Extensions.swift */,
			);
			path = Resources;
			sourceTree = "<group>";
		};
		35F0752F2987182900030447 /* Managers */ = {
			isa = PBXGroup;
			children = (
				35F075342987445800030447 /* APICaller.swift */,
			);
			path = Managers;
			sourceTree = "<group>";
		};
/* End PBXGroup section */

/* Begin PBXNativeTarget section */
		3527A11B2946273300791FB3 /* Netflix Clone */ = {
			isa = PBXNativeTarget;
			buildConfigurationList = 3527A1302946273400791FB3 /* Build configuration list for PBXNativeTarget "Netflix Clone" */;
			buildPhases = (
				3527A1182946273300791FB3 /* Sources */,
				3527A1192946273300791FB3 /* Frameworks */,
				3527A11A2946273300791FB3 /* Resources */,
			);
			buildRules = (
			);
			dependencies = (
			);
			name = "Netflix Clone";
			packageProductDependencies = (
				3569AEC629882EE8003437F8 /* SDWebImage */,
				3569AEC829882EE8003437F8 /* SDWebImageMapKit */,
			);
			productName = "Netflix Clone";
			productReference = 3527A11C2946273300791FB3 /* Netflix Clone.app */;
			productType = "com.apple.product-type.application";
		};
/* End PBXNativeTarget section */

/* Begin PBXProject section */
		3527A1142946273300791FB3 /* Project object */ = {
			isa = PBXProject;
			attributes = {
				BuildIndependentTargetsInParallel = 1;
				LastSwiftUpdateCheck = 1410;
				LastUpgradeCheck = 1410;
				TargetAttributes = {
					3527A11B2946273300791FB3 = {
						CreatedOnToolsVersion = 14.1;
					};
				};
			};
			buildConfigurationList = 3527A1172946273300791FB3 /* Build configuration list for PBXProject "Netflix Clone" */;
			compatibilityVersion = "Xcode 14.0";
			developmentRegion = en;
			hasScannedForEncodings = 0;
			knownRegions = (
				en,
				Base,
			);
			mainGroup = 3527A1132946273300791FB3;
			packageReferences = (
				3569AEC529882EE8003437F8 /* XCRemoteSwiftPackageReference "SDWebImage" */,
			);
			productRefGroup = 3527A11D2946273300791FB3 /* Products */;
			projectDirPath = "";
			projectRoot = "";
			targets = (
				3527A11B2946273300791FB3 /* Netflix Clone */,
			);
		};
/* End PBXProject section */

/* Begin PBXResourcesBuildPhase section */
		3527A11A2946273300791FB3 /* Resources */ = {
			isa = PBXResourcesBuildPhase;
			buildActionMask = 2147483647;
			files = (
				3527A12C2946273400791FB3 /* LaunchScreen.storyboard in Resources */,
				3527A1292946273400791FB3 /* Assets.xcassets in Resources */,
			);
			runOnlyForDeploymentPostprocessing = 0;
		};
/* End PBXResourcesBuildPhase section */

/* Begin PBXSourcesBuildPhase section */
		3527A1182946273300791FB3 /* Sources */ = {
			isa = PBXSourcesBuildPhase;
			buildActionMask = 2147483647;
			files = (
				357F11F62948F0E500ADBED9 /* SearchViewController.swift in Sources */,
				3569AEC429882BA8003437F8 /* TitleCollectionViewCell.swift in Sources */,
				3527A1242946273300791FB3 /* MainTabBarViewController.swift in Sources */,
				35F075312987185D00030447 /* CollectionViewTableViewCell.swift in Sources */,
				35F075352987445800030447 /* APICaller.swift in Sources */,
				35F075332987247800030447 /* HeroHeaderUIView.swift in Sources */,
				357F11F82948F16C00ADBED9 /* DownloadsViewController.swift in Sources */,
				3527A1202946273300791FB3 /* AppDelegate.swift in Sources */,
				3569AEC029881592003437F8 /* Extensions.swift in Sources */,
				3527A1222946273300791FB3 /* SceneDelegate.swift in Sources */,
				357F11F42948F0A200ADBED9 /* UpcomingViewController.swift in Sources */,
				3569AEBE2988110B003437F8 /* Title.swift in Sources */,
				357F11F22948F03100ADBED9 /* HomeViewController.swift in Sources */,
			);
			runOnlyForDeploymentPostprocessing = 0;
		};
/* End PBXSourcesBuildPhase section */

/* Begin PBXVariantGroup section */
		3527A12A2946273400791FB3 /* LaunchScreen.storyboard */ = {
			isa = PBXVariantGroup;
			children = (
				3527A12B2946273400791FB3 /* Base */,
			);
			name = LaunchScreen.storyboard;
			sourceTree = "<group>";
		};
/* End PBXVariantGroup section */

/* Begin XCBuildConfiguration section */
		3527A12E2946273400791FB3 /* Debug */ = {
			isa = XCBuildConfiguration;
			buildSettings = {
				ALWAYS_SEARCH_USER_PATHS = NO;
				CLANG_ANALYZER_NONNULL = YES;
				CLANG_ANALYZER_NUMBER_OBJECT_CONVERSION = YES_AGGRESSIVE;
				CLANG_CXX_LANGUAGE_STANDARD = "gnu++20";
				CLANG_ENABLE_MODULES = YES;
				CLANG_ENABLE_OBJC_ARC = YES;
				CLANG_ENABLE_OBJC_WEAK = YES;
				CLANG_WARN_BLOCK_CAPTURE_AUTORELEASING = YES;
				CLANG_WARN_BOOL_CONVERSION = YES;
				CLANG_WARN_COMMA = YES;
				CLANG_WARN_CONSTANT_CONVERSION = YES;
				CLANG_WARN_DEPRECATED_OBJC_IMPLEMENTATIONS = YES;
				CLANG_WARN_DIRECT_OBJC_ISA_USAGE = YES_ERROR;
				CLANG_WARN_DOCUMENTATION_COMMENTS = YES;
				CLANG_WARN_EMPTY_BODY = YES;
				CLANG_WARN_ENUM_CONVERSION = YES;
				CLANG_WARN_INFINITE_RECURSION = YES;
				CLANG_WARN_INT_CONVERSION = YES;
				CLANG_WARN_NON_LITERAL_NULL_CONVERSION = YES;
				CLANG_WARN_OBJC_IMPLICIT_RETAIN_SELF = YES;
				CLANG_WARN_OBJC_LITERAL_CONVERSION = YES;
				CLANG_WARN_OBJC_ROOT_CLASS = YES_ERROR;
				CLANG_WARN_QUOTED_INCLUDE_IN_FRAMEWORK_HEADER = YES;
				CLANG_WARN_RANGE_LOOP_ANALYSIS = YES;
				CLANG_WARN_STRICT_PROTOTYPES = YES;
				CLANG_WARN_SUSPICIOUS_MOVE = YES;
				CLANG_WARN_UNGUARDED_AVAILABILITY = YES_AGGRESSIVE;
				CLANG_WARN_UNREACHABLE_CODE = YES;
				CLANG_WARN__DUPLICATE_METHOD_MATCH = YES;
				COPY_PHASE_STRIP = NO;
				DEBUG_INFORMATION_FORMAT = dwarf;
				ENABLE_STRICT_OBJC_MSGSEND = YES;
				ENABLE_TESTABILITY = YES;
				GCC_C_LANGUAGE_STANDARD = gnu11;
				GCC_DYNAMIC_NO_PIC = NO;
				GCC_NO_COMMON_BLOCKS = YES;
				GCC_OPTIMIZATION_LEVEL = 0;
				GCC_PREPROCESSOR_DEFINITIONS = (
					"DEBUG=1",
					"$(inherited)",
				);
				GCC_WARN_64_TO_32_BIT_CONVERSION = YES;
				GCC_WARN_ABOUT_RETURN_TYPE = YES_ERROR;
				GCC_WARN_UNDECLARED_SELECTOR = YES;
				GCC_WARN_UNINITIALIZED_AUTOS = YES_AGGRESSIVE;
				GCC_WARN_UNUSED_FUNCTION = YES;
				GCC_WARN_UNUSED_VARIABLE = YES;
				IPHONEOS_DEPLOYMENT_TARGET = 16.1;
				MTL_ENABLE_DEBUG_INFO = INCLUDE_SOURCE;
				MTL_FAST_MATH = YES;
				ONLY_ACTIVE_ARCH = YES;
				SDKROOT = iphoneos;
				SWIFT_ACTIVE_COMPILATION_CONDITIONS = DEBUG;
				SWIFT_OPTIMIZATION_LEVEL = "-Onone";
			};
			name = Debug;
		};
		3527A12F2946273400791FB3 /* Release */ = {
			isa = XCBuildConfiguration;
			buildSettings = {
				ALWAYS_SEARCH_USER_PATHS = NO;
				CLANG_ANALYZER_NONNULL = YES;
				CLANG_ANALYZER_NUMBER_OBJECT_CONVERSION = YES_AGGRESSIVE;
				CLANG_CXX_LANGUAGE_STANDARD = "gnu++20";
				CLANG_ENABLE_MODULES = YES;
				CLANG_ENABLE_OBJC_ARC = YES;
				CLANG_ENABLE_OBJC_WEAK = YES;
				CLANG_WARN_BLOCK_CAPTURE_AUTORELEASING = YES;
				CLANG_WARN_BOOL_CONVERSION = YES;
				CLANG_WARN_COMMA = YES;
				CLANG_WARN_CONSTANT_CONVERSION = YES;
				CLANG_WARN_DEPRECATED_OBJC_IMPLEMENTATIONS = YES;
				CLANG_WARN_DIRECT_OBJC_ISA_USAGE = YES_ERROR;
				CLANG_WARN_DOCUMENTATION_COMMENTS = YES;
				CLANG_WARN_EMPTY_BODY = YES;
				CLANG_WARN_ENUM_CONVERSION = YES;
				CLANG_WARN_INFINITE_RECURSION = YES;
				CLANG_WARN_INT_CONVERSION = YES;
				CLANG_WARN_NON_LITERAL_NULL_CONVERSION = YES;
				CLANG_WARN_OBJC_IMPLICIT_RETAIN_SELF = YES;
				CLANG_WARN_OBJC_LITERAL_CONVERSION = YES;
				CLANG_WARN_OBJC_ROOT_CLASS = YES_ERROR;
				CLANG_WARN_QUOTED_INCLUDE_IN_FRAMEWORK_HEADER = YES;
				CLANG_WARN_RANGE_LOOP_ANALYSIS = YES;
				CLANG_WARN_STRICT_PROTOTYPES = YES;
				CLANG_WARN_SUSPICIOUS_MOVE = YES;
				CLANG_WARN_UNGUARDED_AVAILABILITY = YES_AGGRESSIVE;
				CLANG_WARN_UNREACHABLE_CODE = YES;
				CLANG_WARN__DUPLICATE_METHOD_MATCH = YES;
				COPY_PHASE_STRIP = NO;
				DEBUG_INFORMATION_FORMAT = "dwarf-with-dsym";
				ENABLE_NS_ASSERTIONS = NO;
				ENABLE_STRICT_OBJC_MSGSEND = YES;
				GCC_C_LANGUAGE_STANDARD = gnu11;
				GCC_NO_COMMON_BLOCKS = YES;
				GCC_WARN_64_TO_32_BIT_CONVERSION = YES;
				GCC_WARN_ABOUT_RETURN_TYPE = YES_ERROR;
				GCC_WARN_UNDECLARED_SELECTOR = YES;
				GCC_WARN_UNINITIALIZED_AUTOS = YES_AGGRESSIVE;
				GCC_WARN_UNUSED_FUNCTION = YES;
				GCC_WARN_UNUSED_VARIABLE = YES;
				IPHONEOS_DEPLOYMENT_TARGET = 16.1;
				MTL_ENABLE_DEBUG_INFO = NO;
				MTL_FAST_MATH = YES;
				SDKROOT = iphoneos;
				SWIFT_COMPILATION_MODE = wholemodule;
				SWIFT_OPTIMIZATION_LEVEL = "-O";
				VALIDATE_PRODUCT = YES;
			};
			name = Release;
		};
		3527A1312946273400791FB3 /* Debug */ = {
			isa = XCBuildConfiguration;
			buildSettings = {
				ASSETCATALOG_COMPILER_APPICON_NAME = AppIcon;
				ASSETCATALOG_COMPILER_GLOBAL_ACCENT_COLOR_NAME = AccentColor;
				CODE_SIGN_STYLE = Automatic;
				CURRENT_PROJECT_VERSION = 1;
				DEVELOPMENT_TEAM = 2YU8HU4XFC;
				GENERATE_INFOPLIST_FILE = YES;
				INFOPLIST_FILE = "Netflix Clone/Info.plist";
				INFOPLIST_KEY_UIApplicationSupportsIndirectInputEvents = YES;
				INFOPLIST_KEY_UILaunchStoryboardName = LaunchScreen;
				INFOPLIST_KEY_UISupportedInterfaceOrientations_iPad = "UIInterfaceOrientationPortrait UIInterfaceOrientationPortraitUpsideDown UIInterfaceOrientationLandscapeLeft UIInterfaceOrientationLandscapeRight";
				INFOPLIST_KEY_UISupportedInterfaceOrientations_iPhone = "UIInterfaceOrientationPortrait UIInterfaceOrientationLandscapeLeft UIInterfaceOrientationLandscapeRight";
				LD_RUNPATH_SEARCH_PATHS = (
					"$(inherited)",
					"@executable_path/Frameworks",
				);
				MARKETING_VERSION = 1.0;
				PRODUCT_BUNDLE_IDENTIFIER = "com.zekigokler.Netflix-Clone";
				PRODUCT_NAME = "$(TARGET_NAME)";
				SWIFT_EMIT_LOC_STRINGS = YES;
				SWIFT_VERSION = 5.0;
				TARGETED_DEVICE_FAMILY = "1,2";
			};
			name = Debug;
		};
		3527A1322946273400791FB3 /* Release */ = {
			isa = XCBuildConfiguration;
			buildSettings = {
				ASSETCATALOG_COMPILER_APPICON_NAME = AppIcon;
				ASSETCATALOG_COMPILER_GLOBAL_ACCENT_COLOR_NAME = AccentColor;
				CODE_SIGN_STYLE = Automatic;
				CURRENT_PROJECT_VERSION = 1;
				DEVELOPMENT_TEAM = 2YU8HU4XFC;
				GENERATE_INFOPLIST_FILE = YES;
				INFOPLIST_FILE = "Netflix Clone/Info.plist";
				INFOPLIST_KEY_UIApplicationSupportsIndirectInputEvents = YES;
				INFOPLIST_KEY_UILaunchStoryboardName = LaunchScreen;
				INFOPLIST_KEY_UISupportedInterfaceOrientations_iPad = "UIInterfaceOrientationPortrait UIInterfaceOrientationPortraitUpsideDown UIInterfaceOrientationLandscapeLeft UIInterfaceOrientationLandscapeRight";
				INFOPLIST_KEY_UISupportedInterfaceOrientations_iPhone = "UIInterfaceOrientationPortrait UIInterfaceOrientationLandscapeLeft UIInterfaceOrientationLandscapeRight";
				LD_RUNPATH_SEARCH_PATHS = (
					"$(inherited)",
					"@executable_path/Frameworks",
				);
				MARKETING_VERSION = 1.0;
				PRODUCT_BUNDLE_IDENTIFIER = "com.zekigokler.Netflix-Clone";
				PRODUCT_NAME = "$(TARGET_NAME)";
				SWIFT_EMIT_LOC_STRINGS = YES;
				SWIFT_VERSION = 5.0;
				TARGETED_DEVICE_FAMILY = "1,2";
			};
			name = Release;
		};
/* End XCBuildConfiguration section */

/* Begin XCConfigurationList section */
		3527A1172946273300791FB3 /* Build configuration list for PBXProject "Netflix Clone" */ = {
			isa = XCConfigurationList;
			buildConfigurations = (
				3527A12E2946273400791FB3 /* Debug */,
				3527A12F2946273400791FB3 /* Release */,
			);
			defaultConfigurationIsVisible = 0;
			defaultConfigurationName = Release;
		};
		3527A1302946273400791FB3 /* Build configuration list for PBXNativeTarget "Netflix Clone" */ = {
			isa = XCConfigurationList;
			buildConfigurations = (
				3527A1312946273400791FB3 /* Debug */,
				3527A1322946273400791FB3 /* Release */,
			);
			defaultConfigurationIsVisible = 0;
			defaultConfigurationName = Release;
		};
/* End XCConfigurationList section */

/* Begin XCRemoteSwiftPackageReference section */
		3569AEC529882EE8003437F8 /* XCRemoteSwiftPackageReference "SDWebImage" */ = {
			isa = XCRemoteSwiftPackageReference;
			repositoryURL = "https://github.com/SDWebImage/SDWebImage.git";
			requirement = {
				branch = master;
				kind = branch;
			};
		};
/* End XCRemoteSwiftPackageReference section */

/* Begin XCSwiftPackageProductDependency section */
		3569AEC629882EE8003437F8 /* SDWebImage */ = {
			isa = XCSwiftPackageProductDependency;
			package = 3569AEC529882EE8003437F8 /* XCRemoteSwiftPackageReference "SDWebImage" */;
			productName = SDWebImage;
		};
		3569AEC829882EE8003437F8 /* SDWebImageMapKit */ = {
			isa = XCSwiftPackageProductDependency;
			package = 3569AEC529882EE8003437F8 /* XCRemoteSwiftPackageReference "SDWebImage" */;
			productName = SDWebImageMapKit;
		};
/* End XCSwiftPackageProductDependency section */
	};
	rootObject = 3527A1142946273300791FB3 /* Project object */;
}
