// !$*UTF8*$!
{
	archiveVersion = 1;
	classes = {
	};
	objectVersion = 56;
	objects = {

/* Begin PBXBuildFile section */
		35CE9C65295413E300319AE4 /* AppDelegate.swift in Sources */ = {isa = PBXBuildFile; fileRef = 35CE9C64295413E300319AE4 /* AppDelegate.swift */; };
		35CE9C67295413E300319AE4 /* SceneDelegate.swift in Sources */ = {isa = PBXBuildFile; fileRef = 35CE9C66295413E300319AE4 /* SceneDelegate.swift */; };
		35CE9C69295413E300319AE4 /* MainTabBarViewController.swift in Sources */ = {isa = PBXBuildFile; fileRef = 35CE9C68295413E300319AE4 /* MainTabBarViewController.swift */; };
		35CE9C6E295413E400319AE4 /* Assets.xcassets in Resources */ = {isa = PBXBuildFile; fileRef = 35CE9C6D295413E400319AE4 /* Assets.xcassets */; };
		35CE9C71295413E400319AE4 /* LaunchScreen.storyboard in Resources */ = {isa = PBXBuildFile; fileRef = 35CE9C6F295413E400319AE4 /* LaunchScreen.storyboard */; };
		35CE9C7A295418B700319AE4 /* HomeViewController.swift in Sources */ = {isa = PBXBuildFile; fileRef = 35CE9C79295418B700319AE4 /* HomeViewController.swift */; };
		35CE9C7C2954191E00319AE4 /* LearnedWordsViewController.swift in Sources */ = {isa = PBXBuildFile; fileRef = 35CE9C7B2954191E00319AE4 /* LearnedWordsViewController.swift */; };
		35CE9C7E29541B4900319AE4 /* ToLearnedViewController.swift in Sources */ = {isa = PBXBuildFile; fileRef = 35CE9C7D29541B4900319AE4 /* ToLearnedViewController.swift */; };
		35CE9C85295425CC00319AE4 /* CollectionViewTableViewCell.swift in Sources */ = {isa = PBXBuildFile; fileRef = 35CE9C84295425CC00319AE4 /* CollectionViewTableViewCell.swift */; };
/* End PBXBuildFile section */

/* Begin PBXFileReference section */
		35CE9C61295413E300319AE4 /* 1000 Word.app */ = {isa = PBXFileReference; explicitFileType = wrapper.application; includeInIndex = 0; path = "1000 Word.app"; sourceTree = BUILT_PRODUCTS_DIR; };
		35CE9C64295413E300319AE4 /* AppDelegate.swift */ = {isa = PBXFileReference; lastKnownFileType = sourcecode.swift; path = AppDelegate.swift; sourceTree = "<group>"; };
		35CE9C66295413E300319AE4 /* SceneDelegate.swift */ = {isa = PBXFileReference; lastKnownFileType = sourcecode.swift; path = SceneDelegate.swift; sourceTree = "<group>"; };
		35CE9C68295413E300319AE4 /* MainTabBarViewController.swift */ = {isa = PBXFileReference; lastKnownFileType = sourcecode.swift; path = MainTabBarViewController.swift; sourceTree = "<group>"; };
		35CE9C6D295413E400319AE4 /* Assets.xcassets */ = {isa = PBXFileReference; lastKnownFileType = folder.assetcatalog; path = Assets.xcassets; sourceTree = "<group>"; };
		35CE9C70295413E400319AE4 /* Base */ = {isa = PBXFileReference; lastKnownFileType = file.storyboard; name = Base; path = Base.lproj/LaunchScreen.storyboard; sourceTree = "<group>"; };
		35CE9C72295413E400319AE4 /* Info.plist */ = {isa = PBXFileReference; lastKnownFileType = text.plist.xml; path = Info.plist; sourceTree = "<group>"; };
		35CE9C79295418B700319AE4 /* HomeViewController.swift */ = {isa = PBXFileReference; lastKnownFileType = sourcecode.swift; path = HomeViewController.swift; sourceTree = "<group>"; };
		35CE9C7B2954191E00319AE4 /* LearnedWordsViewController.swift */ = {isa = PBXFileReference; lastKnownFileType = sourcecode.swift; path = LearnedWordsViewController.swift; sourceTree = "<group>"; };
		35CE9C7D29541B4900319AE4 /* ToLearnedViewController.swift */ = {isa = PBXFileReference; lastKnownFileType = sourcecode.swift; path = ToLearnedViewController.swift; sourceTree = "<group>"; };
		35CE9C84295425CC00319AE4 /* CollectionViewTableViewCell.swift */ = {isa = PBXFileReference; lastKnownFileType = sourcecode.swift; path = CollectionViewTableViewCell.swift; sourceTree = "<group>"; };
/* End PBXFileReference section */

/* Begin PBXFrameworksBuildPhase section */
		35CE9C5E295413E300319AE4 /* Frameworks */ = {
			isa = PBXFrameworksBuildPhase;
			buildActionMask = 2147483647;
			files = (
			);
			runOnlyForDeploymentPostprocessing = 0;
		};
/* End PBXFrameworksBuildPhase section */

/* Begin PBXGroup section */
		35CE9C58295413E300319AE4 = {
			isa = PBXGroup;
			children = (
				35CE9C63295413E300319AE4 /* 1000 Word */,
				35CE9C62295413E300319AE4 /* Products */,
			);
			sourceTree = "<group>";
		};
		35CE9C62295413E300319AE4 /* Products */ = {
			isa = PBXGroup;
			children = (
				35CE9C61295413E300319AE4 /* 1000 Word.app */,
			);
			name = Products;
			sourceTree = "<group>";
		};
		35CE9C63295413E300319AE4 /* 1000 Word */ = {
			isa = PBXGroup;
			children = (
				35CE9C832954250000319AE4 /* Managers */,
				35CE9C82295424F600319AE4 /* Resources */,
				35CE9C7F2954248600319AE4 /* Models */,
				35CE9C802954249100319AE4 /* Views */,
				35CE9C812954249700319AE4 /* ViewModels */,
				35CE9C782954188D00319AE4 /* Controllers */,
				35CE9C64295413E300319AE4 /* AppDelegate.swift */,
				35CE9C66295413E300319AE4 /* SceneDelegate.swift */,
				35CE9C68295413E300319AE4 /* MainTabBarViewController.swift */,
				35CE9C6D295413E400319AE4 /* Assets.xcassets */,
				35CE9C6F295413E400319AE4 /* LaunchScreen.storyboard */,
				35CE9C72295413E400319AE4 /* Info.plist */,
			);
			path = "1000 Word";
			sourceTree = "<group>";
		};
		35CE9C782954188D00319AE4 /* Controllers */ = {
			isa = PBXGroup;
			children = (
				35CE9C79295418B700319AE4 /* HomeViewController.swift */,
				35CE9C7B2954191E00319AE4 /* LearnedWordsViewController.swift */,
				35CE9C7D29541B4900319AE4 /* ToLearnedViewController.swift */,
			);
			path = Controllers;
			sourceTree = "<group>";
		};
		35CE9C7F2954248600319AE4 /* Models */ = {
			isa = PBXGroup;
			children = (
			);
			path = Models;
			sourceTree = "<group>";
		};
		35CE9C802954249100319AE4 /* Views */ = {
			isa = PBXGroup;
			children = (
				35CE9C84295425CC00319AE4 /* CollectionViewTableViewCell.swift */,
			);
			path = Views;
			sourceTree = "<group>";
		};
		35CE9C812954249700319AE4 /* ViewModels */ = {
			isa = PBXGroup;
			children = (
			);
			path = ViewModels;
			sourceTree = "<group>";
		};
		35CE9C82295424F600319AE4 /* Resources */ = {
			isa = PBXGroup;
			children = (
			);
			path = Resources;
			sourceTree = "<group>";
		};
		35CE9C832954250000319AE4 /* Managers */ = {
			isa = PBXGroup;
			children = (
			);
			path = Managers;
			sourceTree = "<group>";
		};
/* End PBXGroup section */

/* Begin PBXNativeTarget section */
		35CE9C60295413E300319AE4 /* 1000 Word */ = {
			isa = PBXNativeTarget;
			buildConfigurationList = 35CE9C75295413E400319AE4 /* Build configuration list for PBXNativeTarget "1000 Word" */;
			buildPhases = (
				35CE9C5D295413E300319AE4 /* Sources */,
				35CE9C5E295413E300319AE4 /* Frameworks */,
				35CE9C5F295413E300319AE4 /* Resources */,
			);
			buildRules = (
			);
			dependencies = (
			);
			name = "1000 Word";
			productName = "1000 Word";
			productReference = 35CE9C61295413E300319AE4 /* 1000 Word.app */;
			productType = "com.apple.product-type.application";
		};
/* End PBXNativeTarget section */

/* Begin PBXProject section */
		35CE9C59295413E300319AE4 /* Project object */ = {
			isa = PBXProject;
			attributes = {
				BuildIndependentTargetsInParallel = 1;
				LastSwiftUpdateCheck = 1420;
				LastUpgradeCheck = 1420;
				TargetAttributes = {
					35CE9C60295413E300319AE4 = {
						CreatedOnToolsVersion = 14.2;
					};
				};
			};
			buildConfigurationList = 35CE9C5C295413E300319AE4 /* Build configuration list for PBXProject "1000 Word" */;
			compatibilityVersion = "Xcode 14.0";
			developmentRegion = en;
			hasScannedForEncodings = 0;
			knownRegions = (
				en,
				Base,
			);
			mainGroup = 35CE9C58295413E300319AE4;
			productRefGroup = 35CE9C62295413E300319AE4 /* Products */;
			projectDirPath = "";
			projectRoot = "";
			targets = (
				35CE9C60295413E300319AE4 /* 1000 Word */,
			);
		};
/* End PBXProject section */

/* Begin PBXResourcesBuildPhase section */
		35CE9C5F295413E300319AE4 /* Resources */ = {
			isa = PBXResourcesBuildPhase;
			buildActionMask = 2147483647;
			files = (
				35CE9C71295413E400319AE4 /* LaunchScreen.storyboard in Resources */,
				35CE9C6E295413E400319AE4 /* Assets.xcassets in Resources */,
			);
			runOnlyForDeploymentPostprocessing = 0;
		};
/* End PBXResourcesBuildPhase section */

/* Begin PBXSourcesBuildPhase section */
		35CE9C5D295413E300319AE4 /* Sources */ = {
			isa = PBXSourcesBuildPhase;
			buildActionMask = 2147483647;
			files = (
				35CE9C69295413E300319AE4 /* MainTabBarViewController.swift in Sources */,
				35CE9C65295413E300319AE4 /* AppDelegate.swift in Sources */,
				35CE9C67295413E300319AE4 /* SceneDelegate.swift in Sources */,
				35CE9C85295425CC00319AE4 /* CollectionViewTableViewCell.swift in Sources */,
				35CE9C7A295418B700319AE4 /* HomeViewController.swift in Sources */,
				35CE9C7C2954191E00319AE4 /* LearnedWordsViewController.swift in Sources */,
				35CE9C7E29541B4900319AE4 /* ToLearnedViewController.swift in Sources */,
			);
			runOnlyForDeploymentPostprocessing = 0;
		};
/* End PBXSourcesBuildPhase section */

/* Begin PBXVariantGroup section */
		35CE9C6F295413E400319AE4 /* LaunchScreen.storyboard */ = {
			isa = PBXVariantGroup;
			children = (
				35CE9C70295413E400319AE4 /* Base */,
			);
			name = LaunchScreen.storyboard;
			sourceTree = "<group>";
		};
/* End PBXVariantGroup section */

/* Begin XCBuildConfiguration section */
		35CE9C73295413E400319AE4 /* Debug */ = {
			isa = XCBuildConfiguration;
			buildSettings = {
				ALWAYS_SEARCH_USER_PATHS = NO;
				CLANG_ANALYZER_NONNULL = YES;
				CLANG_ANALYZER_NUMBER_OBJECT_CONVERSION = YES_AGGRESSIVE;
				CLANG_CXX_LANGUAGE_STANDARD = "gnu++20";
				CLANG_ENABLE_MODULES = YES;
				CLANG_ENABLE_OBJC_ARC = YES;
				CLANG_ENABLE_OBJC_WEAK = YES;
				CLANG_WARN_BLOCK_CAPTURE_AUTORELEASING = YES;
				CLANG_WARN_BOOL_CONVERSION = YES;
				CLANG_WARN_COMMA = YES;
				CLANG_WARN_CONSTANT_CONVERSION = YES;
				CLANG_WARN_DEPRECATED_OBJC_IMPLEMENTATIONS = YES;
				CLANG_WARN_DIRECT_OBJC_ISA_USAGE = YES_ERROR;
				CLANG_WARN_DOCUMENTATION_COMMENTS = YES;
				CLANG_WARN_EMPTY_BODY = YES;
				CLANG_WARN_ENUM_CONVERSION = YES;
				CLANG_WARN_INFINITE_RECURSION = YES;
				CLANG_WARN_INT_CONVERSION = YES;
				CLANG_WARN_NON_LITERAL_NULL_CONVERSION = YES;
				CLANG_WARN_OBJC_IMPLICIT_RETAIN_SELF = YES;
				CLANG_WARN_OBJC_LITERAL_CONVERSION = YES;
				CLANG_WARN_OBJC_ROOT_CLASS = YES_ERROR;
				CLANG_WARN_QUOTED_INCLUDE_IN_FRAMEWORK_HEADER = YES;
				CLANG_WARN_RANGE_LOOP_ANALYSIS = YES;
				CLANG_WARN_STRICT_PROTOTYPES = YES;
				CLANG_WARN_SUSPICIOUS_MOVE = YES;
				CLANG_WARN_UNGUARDED_AVAILABILITY = YES_AGGRESSIVE;
				CLANG_WARN_UNREACHABLE_CODE = YES;
				CLANG_WARN__DUPLICATE_METHOD_MATCH = YES;
				COPY_PHASE_STRIP = NO;
				DEBUG_INFORMATION_FORMAT = dwarf;
				ENABLE_STRICT_OBJC_MSGSEND = YES;
				ENABLE_TESTABILITY = YES;
				GCC_C_LANGUAGE_STANDARD = gnu11;
				GCC_DYNAMIC_NO_PIC = NO;
				GCC_NO_COMMON_BLOCKS = YES;
				GCC_OPTIMIZATION_LEVEL = 0;
				GCC_PREPROCESSOR_DEFINITIONS = (
					"DEBUG=1",
					"$(inherited)",
				);
				GCC_WARN_64_TO_32_BIT_CONVERSION = YES;
				GCC_WARN_ABOUT_RETURN_TYPE = YES_ERROR;
				GCC_WARN_UNDECLARED_SELECTOR = YES;
				GCC_WARN_UNINITIALIZED_AUTOS = YES_AGGRESSIVE;
				GCC_WARN_UNUSED_FUNCTION = YES;
				GCC_WARN_UNUSED_VARIABLE = YES;
				IPHONEOS_DEPLOYMENT_TARGET = 16.2;
				MTL_ENABLE_DEBUG_INFO = INCLUDE_SOURCE;
				MTL_FAST_MATH = YES;
				ONLY_ACTIVE_ARCH = YES;
				SDKROOT = iphoneos;
				SWIFT_ACTIVE_COMPILATION_CONDITIONS = DEBUG;
				SWIFT_OPTIMIZATION_LEVEL = "-Onone";
			};
			name = Debug;
		};
		35CE9C74295413E400319AE4 /* Release */ = {
			isa = XCBuildConfiguration;
			buildSettings = {
				ALWAYS_SEARCH_USER_PATHS = NO;
				CLANG_ANALYZER_NONNULL = YES;
				CLANG_ANALYZER_NUMBER_OBJECT_CONVERSION = YES_AGGRESSIVE;
				CLANG_CXX_LANGUAGE_STANDARD = "gnu++20";
				CLANG_ENABLE_MODULES = YES;
				CLANG_ENABLE_OBJC_ARC = YES;
				CLANG_ENABLE_OBJC_WEAK = YES;
				CLANG_WARN_BLOCK_CAPTURE_AUTORELEASING = YES;
				CLANG_WARN_BOOL_CONVERSION = YES;
				CLANG_WARN_COMMA = YES;
				CLANG_WARN_CONSTANT_CONVERSION = YES;
				CLANG_WARN_DEPRECATED_OBJC_IMPLEMENTATIONS = YES;
				CLANG_WARN_DIRECT_OBJC_ISA_USAGE = YES_ERROR;
				CLANG_WARN_DOCUMENTATION_COMMENTS = YES;
				CLANG_WARN_EMPTY_BODY = YES;
				CLANG_WARN_ENUM_CONVERSION = YES;
				CLANG_WARN_INFINITE_RECURSION = YES;
				CLANG_WARN_INT_CONVERSION = YES;
				CLANG_WARN_NON_LITERAL_NULL_CONVERSION = YES;
				CLANG_WARN_OBJC_IMPLICIT_RETAIN_SELF = YES;
				CLANG_WARN_OBJC_LITERAL_CONVERSION = YES;
				CLANG_WARN_OBJC_ROOT_CLASS = YES_ERROR;
				CLANG_WARN_QUOTED_INCLUDE_IN_FRAMEWORK_HEADER = YES;
				CLANG_WARN_RANGE_LOOP_ANALYSIS = YES;
				CLANG_WARN_STRICT_PROTOTYPES = YES;
				CLANG_WARN_SUSPICIOUS_MOVE = YES;
				CLANG_WARN_UNGUARDED_AVAILABILITY = YES_AGGRESSIVE;
				CLANG_WARN_UNREACHABLE_CODE = YES;
				CLANG_WARN__DUPLICATE_METHOD_MATCH = YES;
				COPY_PHASE_STRIP = NO;
				DEBUG_INFORMATION_FORMAT = "dwarf-with-dsym";
				ENABLE_NS_ASSERTIONS = NO;
				ENABLE_STRICT_OBJC_MSGSEND = YES;
				GCC_C_LANGUAGE_STANDARD = gnu11;
				GCC_NO_COMMON_BLOCKS = YES;
				GCC_WARN_64_TO_32_BIT_CONVERSION = YES;
				GCC_WARN_ABOUT_RETURN_TYPE = YES_ERROR;
				GCC_WARN_UNDECLARED_SELECTOR = YES;
				GCC_WARN_UNINITIALIZED_AUTOS = YES_AGGRESSIVE;
				GCC_WARN_UNUSED_FUNCTION = YES;
				GCC_WARN_UNUSED_VARIABLE = YES;
				IPHONEOS_DEPLOYMENT_TARGET = 16.2;
				MTL_ENABLE_DEBUG_INFO = NO;
				MTL_FAST_MATH = YES;
				SDKROOT = iphoneos;
				SWIFT_COMPILATION_MODE = wholemodule;
				SWIFT_OPTIMIZATION_LEVEL = "-O";
				VALIDATE_PRODUCT = YES;
			};
			name = Release;
		};
		35CE9C76295413E400319AE4 /* Debug */ = {
			isa = XCBuildConfiguration;
			buildSettings = {
				ASSETCATALOG_COMPILER_APPICON_NAME = AppIcon;
				ASSETCATALOG_COMPILER_GLOBAL_ACCENT_COLOR_NAME = AccentColor;
				CODE_SIGN_STYLE = Automatic;
				CURRENT_PROJECT_VERSION = 1;
				DEVELOPMENT_TEAM = 2YU8HU4XFC;
				GENERATE_INFOPLIST_FILE = YES;
				INFOPLIST_FILE = "1000 Word/Info.plist";
				INFOPLIST_KEY_UIApplicationSupportsIndirectInputEvents = YES;
				INFOPLIST_KEY_UILaunchStoryboardName = LaunchScreen;
				INFOPLIST_KEY_UISupportedInterfaceOrientations_iPad = "UIInterfaceOrientationPortrait UIInterfaceOrientationPortraitUpsideDown UIInterfaceOrientationLandscapeLeft UIInterfaceOrientationLandscapeRight";
				INFOPLIST_KEY_UISupportedInterfaceOrientations_iPhone = "UIInterfaceOrientationPortrait UIInterfaceOrientationLandscapeLeft UIInterfaceOrientationLandscapeRight";
				LD_RUNPATH_SEARCH_PATHS = (
					"$(inherited)",
					"@executable_path/Frameworks",
				);
				MARKETING_VERSION = 1.0;
				PRODUCT_BUNDLE_IDENTIFIER = "com.zekigokler.-000-Word";
				PRODUCT_NAME = "$(TARGET_NAME)";
				SWIFT_EMIT_LOC_STRINGS = YES;
				SWIFT_VERSION = 5.0;
				TARGETED_DEVICE_FAMILY = "1,2";
			};
			name = Debug;
		};
		35CE9C77295413E400319AE4 /* Release */ = {
			isa = XCBuildConfiguration;
			buildSettings = {
				ASSETCATALOG_COMPILER_APPICON_NAME = AppIcon;
				ASSETCATALOG_COMPILER_GLOBAL_ACCENT_COLOR_NAME = AccentColor;
				CODE_SIGN_STYLE = Automatic;
				CURRENT_PROJECT_VERSION = 1;
				DEVELOPMENT_TEAM = 2YU8HU4XFC;
				GENERATE_INFOPLIST_FILE = YES;
				INFOPLIST_FILE = "1000 Word/Info.plist";
				INFOPLIST_KEY_UIApplicationSupportsIndirectInputEvents = YES;
				INFOPLIST_KEY_UILaunchStoryboardName = LaunchScreen;
				INFOPLIST_KEY_UISupportedInterfaceOrientations_iPad = "UIInterfaceOrientationPortrait UIInterfaceOrientationPortraitUpsideDown UIInterfaceOrientationLandscapeLeft UIInterfaceOrientationLandscapeRight";
				INFOPLIST_KEY_UISupportedInterfaceOrientations_iPhone = "UIInterfaceOrientationPortrait UIInterfaceOrientationLandscapeLeft UIInterfaceOrientationLandscapeRight";
				LD_RUNPATH_SEARCH_PATHS = (
					"$(inherited)",
					"@executable_path/Frameworks",
				);
				MARKETING_VERSION = 1.0;
				PRODUCT_BUNDLE_IDENTIFIER = "com.zekigokler.-000-Word";
				PRODUCT_NAME = "$(TARGET_NAME)";
				SWIFT_EMIT_LOC_STRINGS = YES;
				SWIFT_VERSION = 5.0;
				TARGETED_DEVICE_FAMILY = "1,2";
			};
			name = Release;
		};
/* End XCBuildConfiguration section */

/* Begin XCConfigurationList section */
		35CE9C5C295413E300319AE4 /* Build configuration list for PBXProject "1000 Word" */ = {
			isa = XCConfigurationList;
			buildConfigurations = (
				35CE9C73295413E400319AE4 /* Debug */,
				35CE9C74295413E400319AE4 /* Release */,
			);
			defaultConfigurationIsVisible = 0;
			defaultConfigurationName = Release;
		};
		35CE9C75295413E400319AE4 /* Build configuration list for PBXNativeTarget "1000 Word" */ = {
			isa = XCConfigurationList;
			buildConfigurations = (
				35CE9C76295413E400319AE4 /* Debug */,
				35CE9C77295413E400319AE4 /* Release */,
			);
			defaultConfigurationIsVisible = 0;
			defaultConfigurationName = Release;
		};
/* End XCConfigurationList section */
	};
	rootObject = 35CE9C59295413E300319AE4 /* Project object */;
}
